
Microsoft Visual Studio Solution File, Format Version 12.00
# Visual Studio Version 16
VisualStudioVersion = 16.0.31112.23
MinimumVisualStudioVersion = 10.0.40219.1
Project("{FAE04EC0-301F-11D3-BF4B-00C04F79EFBC}") = "DouyuBarrageDotNet", "DouyuBarrageDotNet\DouyuBarrageDotNet.csproj", "{A0AB1B86-AC1B-4164-A935-1460F8AA4B54}"
EndProject
Project("{FAE04EC0-301F-11D3-BF4B-00C04F79EFBC}") = "DouyuBarrageDotNet.Desktop", "DouyuBarrageDotNet.Desktop\DouyuBarrageDotNet.Desktop.csproj", "{6912C3BD-E820-48EE-B4B1-BA7BD4978ADB}"
EndProject
Global
	GlobalSection(SolutionConfigurationPlatforms) = preSolution
		Debug|Any CPU = Debug|Any CPU
		Release|Any CPU = Release|Any CPU
	EndGlobalSection
	GlobalSection(ProjectConfigurationPlatforms) = postSolution
		{A0AB1B86-AC1B-4164-A935-1460F8AA4B54}.Debug|Any CPU.ActiveCfg = Debug|Any CPU
		{A0AB1B86-AC1B-4164-A935-1460F8AA4B54}.Debug|Any CPU.Build.0 = Debug|Any CPU
		{A0AB1B86-AC1B-4164-A935-1460F8AA4B54}.Release|Any CPU.ActiveCfg = Release|Any CPU
		{A0AB1B86-AC1B-4164-A935-1460F8AA4B54}.Release|Any CPU.Build.0 = Release|Any CPU
		{6912C3BD-E820-48EE-B4B1-BA7BD4978ADB}.Debug|Any CPU.ActiveCfg = Debug|Any CPU
		{6912C3BD-E820-48EE-B4B1-BA7BD4978ADB}.Debug|Any CPU.Build.0 = Debug|Any CPU
		{6912C3BD-E820-48EE-B4B1-BA7BD4978ADB}.Release|Any CPU.ActiveCfg = Release|Any CPU
		{6912C3BD-E820-48EE-B4B1-BA7BD4978ADB}.Release|Any CPU.Build.0 = Release|Any CPU
	EndGlobalSection
	GlobalSection(SolutionProperties) = preSolution
		HideSolutionNode = FALSE
	EndGlobalSection
	GlobalSection(ExtensibilityGlobals) = postSolution
		SolutionGuid = {359275FB-BF0E-4BBA-8DE4-7DBCDB39EE25}
	EndGlobalSection
EndGlobal
